
Microsoft Visual Studio Solution File, Format Version 12.00
# Visual Studio Version 17
VisualStudioVersion = 17.0.31903.59
MinimumVisualStudioVersion = 10.0.40219.1
Project("{FAE04EC0-301F-11D3-BF4B-00C04F79EFBC}") = "projeto2", "projeto2\projeto2.csproj", "{1CA3DB17-6AA8-4A48-9D0F-B2C3FA561C7B}"
EndProject
Global
	GlobalSection(SolutionConfigurationPlatforms) = preSolution
		Debug|Any CPU = Debug|Any CPU
		Release|Any CPU = Release|Any CPU
	EndGlobalSection
	GlobalSection(SolutionProperties) = preSolution
		HideSolutionNode = FALSE
	EndGlobalSection
	GlobalSection(ProjectConfigurationPlatforms) = postSolution
		{1CA3DB17-6AA8-4A48-9D0F-B2C3FA561C7B}.Debug|Any CPU.ActiveCfg = Debug|Any CPU
		{1CA3DB17-6AA8-4A48-9D0F-B2C3FA561C7B}.Debug|Any CPU.Build.0 = Debug|Any CPU
		{1CA3DB17-6AA8-4A48-9D0F-B2C3FA561C7B}.Release|Any CPU.ActiveCfg = Release|Any CPU
		{1CA3DB17-6AA8-4A48-9D0F-B2C3FA561C7B}.Release|Any CPU.Build.0 = Release|Any CPU
	EndGlobalSection
EndGlobal
