
Microsoft Visual Studio Solution File, Format Version 12.00
# Visual Studio Version 17
VisualStudioVersion = 17.9.34728.123
MinimumVisualStudioVersion = 10.0.40219.1
Project("{FAE04EC0-301F-11D3-BF4B-00C04F79EFBC}") = "NotasAlunos", "NotasAlunos.csproj", "{A36A8EF1-D490-4857-8667-2AC65E9C479F}"
EndProject
Global
	GlobalSection(SolutionConfigurationPlatforms) = preSolution
		Debug|Any CPU = Debug|Any CPU
		Release|Any CPU = Release|Any CPU
	EndGlobalSection
	GlobalSection(ProjectConfigurationPlatforms) = postSolution
		{A36A8EF1-D490-4857-8667-2AC65E9C479F}.Debug|Any CPU.ActiveCfg = Debug|Any CPU
		{A36A8EF1-D490-4857-8667-2AC65E9C479F}.Debug|Any CPU.Build.0 = Debug|Any CPU
		{A36A8EF1-D490-4857-8667-2AC65E9C479F}.Release|Any CPU.ActiveCfg = Release|Any CPU
		{A36A8EF1-D490-4857-8667-2AC65E9C479F}.Release|Any CPU.Build.0 = Release|Any CPU
	EndGlobalSection
	GlobalSection(SolutionProperties) = preSolution
		HideSolutionNode = FALSE
	EndGlobalSection
	GlobalSection(ExtensibilityGlobals) = postSolution
		SolutionGuid = {C1B41E62-A492-4007-85CF-15376AD02C80}
	EndGlobalSection
EndGlobal
