
Microsoft Visual Studio Solution File, Format Version 12.00
# Visual Studio Version 17
VisualStudioVersion = 17.9.34728.123
MinimumVisualStudioVersion = 10.0.40219.1
Project("{FAE04EC0-301F-11D3-BF4B-00C04F79EFBC}") = "jogo", "jogo.csproj", "{4073273F-B6A7-4963-BB04-5BB71C161656}"
EndProject
Global
	GlobalSection(SolutionConfigurationPlatforms) = preSolution
		Debug|Any CPU = Debug|Any CPU
		Release|Any CPU = Release|Any CPU
	EndGlobalSection
	GlobalSection(ProjectConfigurationPlatforms) = postSolution
		{4073273F-B6A7-4963-BB04-5BB71C161656}.Debug|Any CPU.ActiveCfg = Debug|Any CPU
		{4073273F-B6A7-4963-BB04-5BB71C161656}.Debug|Any CPU.Build.0 = Debug|Any CPU
		{4073273F-B6A7-4963-BB04-5BB71C161656}.Release|Any CPU.ActiveCfg = Release|Any CPU
		{4073273F-B6A7-4963-BB04-5BB71C161656}.Release|Any CPU.Build.0 = Release|Any CPU
	EndGlobalSection
	GlobalSection(SolutionProperties) = preSolution
		HideSolutionNode = FALSE
	EndGlobalSection
	GlobalSection(ExtensibilityGlobals) = postSolution
		SolutionGuid = {7B168C31-2DAB-4FE3-9878-547A5065EE4A}
	EndGlobalSection
EndGlobal
