
Microsoft Visual Studio Solution File, Format Version 12.00
# Visual Studio Version 17
VisualStudioVersion = 17.3.32901.215
MinimumVisualStudioVersion = 10.0.40219.1
Project("{FAE04EC0-301F-11D3-BF4B-00C04F79EFBC}") = "StringLibrary", "StringLibrary\StringLibrary.csproj", "{CFF44621-EBB7-4775-B726-BEB9E03E567A}"
EndProject
Project("{FAE04EC0-301F-11D3-BF4B-00C04F79EFBC}") = "ShowCase", "ShowCase\ShowCase.csproj", "{F14904F8-0529-47A9-8EAE-4C13EB22F403}"
EndProject
Global
	GlobalSection(SolutionConfigurationPlatforms) = preSolution
		Debug|Any CPU = Debug|Any CPU
		Release|Any CPU = Release|Any CPU
	EndGlobalSection
	GlobalSection(ProjectConfigurationPlatforms) = postSolution
		{CFF44621-EBB7-4775-B726-BEB9E03E567A}.Debug|Any CPU.ActiveCfg = Debug|Any CPU
		{CFF44621-EBB7-4775-B726-BEB9E03E567A}.Debug|Any CPU.Build.0 = Debug|Any CPU
		{CFF44621-EBB7-4775-B726-BEB9E03E567A}.Release|Any CPU.ActiveCfg = Release|Any CPU
		{CFF44621-EBB7-4775-B726-BEB9E03E567A}.Release|Any CPU.Build.0 = Release|Any CPU
		{F14904F8-0529-47A9-8EAE-4C13EB22F403}.Debug|Any CPU.ActiveCfg = Debug|Any CPU
		{F14904F8-0529-47A9-8EAE-4C13EB22F403}.Debug|Any CPU.Build.0 = Debug|Any CPU
		{F14904F8-0529-47A9-8EAE-4C13EB22F403}.Release|Any CPU.ActiveCfg = Release|Any CPU
		{F14904F8-0529-47A9-8EAE-4C13EB22F403}.Release|Any CPU.Build.0 = Release|Any CPU
	EndGlobalSection
	GlobalSection(SolutionProperties) = preSolution
		HideSolutionNode = FALSE
	EndGlobalSection
	GlobalSection(ExtensibilityGlobals) = postSolution
		SolutionGuid = {EA90F282-5594-4D4F-B2B0-2B321EA7BB83}
	EndGlobalSection
EndGlobal
