
Microsoft Visual Studio Solution File, Format Version 12.00
# Visual Studio Version 17
VisualStudioVersion = 17.5.002.0
MinimumVisualStudioVersion = 10.0.40219.1
Project("{2150E333-8FDC-42A3-9474-1A3956D46DE8}") = "CsharpProjects", "CsharpProjects", "{1F80B68F-E9C2-49CF-8D91-F542CBE4D34B}"
EndProject
Project("{9A19103F-16F7-4668-BE54-9A1E7A4F7556}") = "TestProject", "CsharpProjects\TestProject\TestProject.csproj", "{249430E2-273C-4F8B-A2ED-49A4535FEEEB}"
EndProject
Global
	GlobalSection(SolutionConfigurationPlatforms) = preSolution
		Debug|Any CPU = Debug|Any CPU
		Release|Any CPU = Release|Any CPU
	EndGlobalSection
	GlobalSection(ProjectConfigurationPlatforms) = postSolution
		{249430E2-273C-4F8B-A2ED-49A4535FEEEB}.Debug|Any CPU.ActiveCfg = Debug|Any CPU
		{249430E2-273C-4F8B-A2ED-49A4535FEEEB}.Debug|Any CPU.Build.0 = Debug|Any CPU
		{249430E2-273C-4F8B-A2ED-49A4535FEEEB}.Release|Any CPU.ActiveCfg = Release|Any CPU
		{249430E2-273C-4F8B-A2ED-49A4535FEEEB}.Release|Any CPU.Build.0 = Release|Any CPU
	EndGlobalSection
	GlobalSection(SolutionProperties) = preSolution
		HideSolutionNode = FALSE
	EndGlobalSection
	GlobalSection(NestedProjects) = preSolution
		{249430E2-273C-4F8B-A2ED-49A4535FEEEB} = {1F80B68F-E9C2-49CF-8D91-F542CBE4D34B}
	EndGlobalSection
	GlobalSection(ExtensibilityGlobals) = postSolution
		SolutionGuid = {EA058DEA-5028-4EDD-8AFE-5B4B64832236}
	EndGlobalSection
EndGlobal
