
Microsoft Visual Studio Solution File, Format Version 12.00
# Visual Studio Version 17
VisualStudioVersion = 17.3.32901.215
MinimumVisualStudioVersion = 10.0.40219.1
Project("{FAE04EC0-301F-11D3-BF4B-00C04F79EFBC}") = "WpfApp1_Nomes", "WpfApp1_Nomes.csproj", "{06F186B6-4CDE-4AC6-A536-ACF47BED1F56}"
EndProject
Global
	GlobalSection(SolutionConfigurationPlatforms) = preSolution
		Debug|Any CPU = Debug|Any CPU
		Release|Any CPU = Release|Any CPU
	EndGlobalSection
	GlobalSection(ProjectConfigurationPlatforms) = postSolution
		{06F186B6-4CDE-4AC6-A536-ACF47BED1F56}.Debug|Any CPU.ActiveCfg = Debug|Any CPU
		{06F186B6-4CDE-4AC6-A536-ACF47BED1F56}.Debug|Any CPU.Build.0 = Debug|Any CPU
		{06F186B6-4CDE-4AC6-A536-ACF47BED1F56}.Release|Any CPU.ActiveCfg = Release|Any CPU
		{06F186B6-4CDE-4AC6-A536-ACF47BED1F56}.Release|Any CPU.Build.0 = Release|Any CPU
	EndGlobalSection
	GlobalSection(SolutionProperties) = preSolution
		HideSolutionNode = FALSE
	EndGlobalSection
	GlobalSection(ExtensibilityGlobals) = postSolution
		SolutionGuid = {031AFB3F-0719-44C8-A807-8885FD897087}
	EndGlobalSection
EndGlobal
