
Microsoft Visual Studio Solution File, Format Version 12.00
# Visual Studio Version 17
VisualStudioVersion = 17.3.32901.215
MinimumVisualStudioVersion = 10.0.40219.1
Project("{FAE04EC0-301F-11D3-BF4B-00C04F79EFBC}") = "CoreApp", "CoreApp\CoreApp.csproj", "{D0CB7EA7-84AE-4E26-ADEC-890FF97261EC}"
EndProject
Global
	GlobalSection(SolutionConfigurationPlatforms) = preSolution
		Debug|Any CPU = Debug|Any CPU
		Release|Any CPU = Release|Any CPU
	EndGlobalSection
	GlobalSection(ProjectConfigurationPlatforms) = postSolution
		{D0CB7EA7-84AE-4E26-ADEC-890FF97261EC}.Debug|Any CPU.ActiveCfg = Debug|Any CPU
		{D0CB7EA7-84AE-4E26-ADEC-890FF97261EC}.Debug|Any CPU.Build.0 = Debug|Any CPU
		{D0CB7EA7-84AE-4E26-ADEC-890FF97261EC}.Release|Any CPU.ActiveCfg = Release|Any CPU
		{D0CB7EA7-84AE-4E26-ADEC-890FF97261EC}.Release|Any CPU.Build.0 = Release|Any CPU
	EndGlobalSection
	GlobalSection(SolutionProperties) = preSolution
		HideSolutionNode = FALSE
	EndGlobalSection
	GlobalSection(ExtensibilityGlobals) = postSolution
		SolutionGuid = {327143B4-E9DD-4652-9F7D-4D4167ADACA3}
	EndGlobalSection
EndGlobal
